
Microsoft Visual Studio Solution File, Format Version 12.00
# Visual Studio Version 17
VisualStudioVersion = 17.8.34322.80
MinimumVisualStudioVersion = 10.0.40219.1
Project("{FAE04EC0-301F-11D3-BF4B-00C04F79EFBC}") = "Automate name list4.0", "Automate name list4.0.csproj", "{6154B5BB-33E0-491B-AB44-A46CC96F5D60}"
EndProject
Global
	GlobalSection(SolutionConfigurationPlatforms) = preSolution
		Debug|Any CPU = Debug|Any CPU
		Release|Any CPU = Release|Any CPU
	EndGlobalSection
	GlobalSection(ProjectConfigurationPlatforms) = postSolution
		{6154B5BB-33E0-491B-AB44-A46CC96F5D60}.Debug|Any CPU.ActiveCfg = Debug|Any CPU
		{6154B5BB-33E0-491B-AB44-A46CC96F5D60}.Debug|Any CPU.Build.0 = Debug|Any CPU
		{6154B5BB-33E0-491B-AB44-A46CC96F5D60}.Release|Any CPU.ActiveCfg = Release|Any CPU
		{6154B5BB-33E0-491B-AB44-A46CC96F5D60}.Release|Any CPU.Build.0 = Release|Any CPU
	EndGlobalSection
	GlobalSection(SolutionProperties) = preSolution
		HideSolutionNode = FALSE
	EndGlobalSection
	GlobalSection(ExtensibilityGlobals) = postSolution
		SolutionGuid = {5732C860-9A2F-4AA2-87E7-42F2CC5A3020}
	EndGlobalSection
EndGlobal
